
Microsoft Visual Studio Solution File, Format Version 12.00
# Visual Studio 15
VisualStudioVersion = 15.0.28307.572
MinimumVisualStudioVersion = 10.0.40219.1
Project("{9A19103F-16F7-4668-BE54-9A1E7A4F7556}") = "MattBot", "MattBot\MattBot.csproj", "{466A52BA-4958-4633-A962-F25D822748C5}"
EndProject
Global
	GlobalSection(SolutionConfigurationPlatforms) = preSolution
		Debug|Any CPU = Debug|Any CPU
		Debug|x64 = Debug|x64
		Release|Any CPU = Release|Any CPU
		Release|x64 = Release|x64
	EndGlobalSection
	GlobalSection(ProjectConfigurationPlatforms) = postSolution
		{466A52BA-4958-4633-A962-F25D822748C5}.Debug|Any CPU.ActiveCfg = Debug|Any CPU
		{466A52BA-4958-4633-A962-F25D822748C5}.Debug|Any CPU.Build.0 = Debug|Any CPU
		{466A52BA-4958-4633-A962-F25D822748C5}.Debug|x64.ActiveCfg = Debug|x64
		{466A52BA-4958-4633-A962-F25D822748C5}.Debug|x64.Build.0 = Debug|x64
		{466A52BA-4958-4633-A962-F25D822748C5}.Release|Any CPU.ActiveCfg = Release|Any CPU
		{466A52BA-4958-4633-A962-F25D822748C5}.Release|Any CPU.Build.0 = Release|Any CPU
		{466A52BA-4958-4633-A962-F25D822748C5}.Release|x64.ActiveCfg = Release|x64
		{466A52BA-4958-4633-A962-F25D822748C5}.Release|x64.Build.0 = Release|x64
	EndGlobalSection
	GlobalSection(SolutionProperties) = preSolution
		HideSolutionNode = FALSE
	EndGlobalSection
	GlobalSection(ExtensibilityGlobals) = postSolution
		SolutionGuid = {B0B2E64E-3F45-4BCD-A9B0-E8B03ECEFE7D}
	EndGlobalSection
EndGlobal
